
Microsoft Visual Studio Solution File, Format Version 12.00
# Visual Studio Version 17
VisualStudioVersion = 17.0.31903.59
MinimumVisualStudioVersion = 10.0.40219.1
Project("{FAE04EC0-301F-11D3-BF4B-00C04F79EFBC}") = "ConsoleApp3", "ConsoleApp3\ConsoleApp3.csproj", "{F480A41B-3060-4F39-8F48-D638628334C4}"
EndProject
Global
	GlobalSection(SolutionConfigurationPlatforms) = preSolution
		Debug|Any CPU = Debug|Any CPU
		Release|Any CPU = Release|Any CPU
	EndGlobalSection
	GlobalSection(ProjectConfigurationPlatforms) = postSolution
		{F480A41B-3060-4F39-8F48-D638628334C4}.Debug|Any CPU.ActiveCfg = Debug|Any CPU
		{F480A41B-3060-4F39-8F48-D638628334C4}.Debug|Any CPU.Build.0 = Debug|Any CPU
		{F480A41B-3060-4F39-8F48-D638628334C4}.Release|Any CPU.ActiveCfg = Release|Any CPU
		{F480A41B-3060-4F39-8F48-D638628334C4}.Release|Any CPU.Build.0 = Release|Any CPU
	EndGlobalSection
	GlobalSection(SolutionProperties) = preSolution
		HideSolutionNode = FALSE
	EndGlobalSection
	GlobalSection(ExtensibilityGlobals) = postSolution
		SolutionGuid = {842E7740-4B58-4EF6-B93B-B39E7312550F}
	EndGlobalSection
EndGlobal
